
Microsoft Visual Studio Solution File, Format Version 12.00
# Visual Studio Version 17
VisualStudioVersion = 17.5.002.0
MinimumVisualStudioVersion = 10.0.40219.1
Project("{9A19103F-16F7-4668-BE54-9A1E7A4F7556}") = "All Codes", "All Codes.csproj", "{919AD2C3-88A1-45C3-8397-5D414D04AE45}"
EndProject
Global
	GlobalSection(SolutionConfigurationPlatforms) = preSolution
		Debug|Any CPU = Debug|Any CPU
		Release|Any CPU = Release|Any CPU
	EndGlobalSection
	GlobalSection(ProjectConfigurationPlatforms) = postSolution
		{919AD2C3-88A1-45C3-8397-5D414D04AE45}.Debug|Any CPU.ActiveCfg = Debug|Any CPU
		{919AD2C3-88A1-45C3-8397-5D414D04AE45}.Debug|Any CPU.Build.0 = Debug|Any CPU
		{919AD2C3-88A1-45C3-8397-5D414D04AE45}.Release|Any CPU.ActiveCfg = Release|Any CPU
		{919AD2C3-88A1-45C3-8397-5D414D04AE45}.Release|Any CPU.Build.0 = Release|Any CPU
	EndGlobalSection
	GlobalSection(SolutionProperties) = preSolution
		HideSolutionNode = FALSE
	EndGlobalSection
	GlobalSection(ExtensibilityGlobals) = postSolution
		SolutionGuid = {F46EA746-8638-42F6-9630-B40EF4C68457}
	EndGlobalSection
EndGlobal
