
Microsoft Visual Studio Solution File, Format Version 12.00
# Visual Studio Version 17
VisualStudioVersion = 17.5.002.0
MinimumVisualStudioVersion = 10.0.40219.1
Project("{9A19103F-16F7-4668-BE54-9A1E7A4F7556}") = "Factory", "Factory.csproj", "{70BADF2D-B9F9-4128-B710-9F8A435DE8F1}"
EndProject
Global
	GlobalSection(SolutionConfigurationPlatforms) = preSolution
		Debug|Any CPU = Debug|Any CPU
		Release|Any CPU = Release|Any CPU
	EndGlobalSection
	GlobalSection(ProjectConfigurationPlatforms) = postSolution
		{70BADF2D-B9F9-4128-B710-9F8A435DE8F1}.Debug|Any CPU.ActiveCfg = Debug|Any CPU
		{70BADF2D-B9F9-4128-B710-9F8A435DE8F1}.Debug|Any CPU.Build.0 = Debug|Any CPU
		{70BADF2D-B9F9-4128-B710-9F8A435DE8F1}.Release|Any CPU.ActiveCfg = Release|Any CPU
		{70BADF2D-B9F9-4128-B710-9F8A435DE8F1}.Release|Any CPU.Build.0 = Release|Any CPU
	EndGlobalSection
	GlobalSection(SolutionProperties) = preSolution
		HideSolutionNode = FALSE
	EndGlobalSection
	GlobalSection(ExtensibilityGlobals) = postSolution
		SolutionGuid = {E2F483E8-9A68-48A8-B1FA-E689FF1C9698}
	EndGlobalSection
EndGlobal
