
Microsoft Visual Studio Solution File, Format Version 12.00
# Visual Studio Version 17
VisualStudioVersion = 17.5.002.0
MinimumVisualStudioVersion = 10.0.40219.1
Project("{9A19103F-16F7-4668-BE54-9A1E7A4F7556}") = "Builder", "Builder.csproj", "{06679758-82B2-4CEF-AEA5-661C222E005A}"
EndProject
Global
	GlobalSection(SolutionConfigurationPlatforms) = preSolution
		Debug|Any CPU = Debug|Any CPU
		Release|Any CPU = Release|Any CPU
	EndGlobalSection
	GlobalSection(ProjectConfigurationPlatforms) = postSolution
		{06679758-82B2-4CEF-AEA5-661C222E005A}.Debug|Any CPU.ActiveCfg = Debug|Any CPU
		{06679758-82B2-4CEF-AEA5-661C222E005A}.Debug|Any CPU.Build.0 = Debug|Any CPU
		{06679758-82B2-4CEF-AEA5-661C222E005A}.Release|Any CPU.ActiveCfg = Release|Any CPU
		{06679758-82B2-4CEF-AEA5-661C222E005A}.Release|Any CPU.Build.0 = Release|Any CPU
	EndGlobalSection
	GlobalSection(SolutionProperties) = preSolution
		HideSolutionNode = FALSE
	EndGlobalSection
	GlobalSection(ExtensibilityGlobals) = postSolution
		SolutionGuid = {84765262-6A0F-428B-86E7-490D311446B6}
	EndGlobalSection
EndGlobal
